
Microsoft Visual Studio Solution File, Format Version 12.00
# Visual Studio Version 16
VisualStudioVersion = 16.0.29613.14
MinimumVisualStudioVersion = 10.0.40219.1
Project("{FAE04EC0-301F-11D3-BF4B-00C04F79EFBC}") = "lesson1", "lesson1.csproj", "{F765CD3C-DA4D-4BB2-B41E-A5416625EE41}"
EndProject
Global
	GlobalSection(SolutionConfigurationPlatforms) = preSolution
		Debug|Any CPU = Debug|Any CPU
		Release|Any CPU = Release|Any CPU
	EndGlobalSection
	GlobalSection(ProjectConfigurationPlatforms) = postSolution
		{F765CD3C-DA4D-4BB2-B41E-A5416625EE41}.Debug|Any CPU.ActiveCfg = Debug|Any CPU
		{F765CD3C-DA4D-4BB2-B41E-A5416625EE41}.Debug|Any CPU.Build.0 = Debug|Any CPU
		{F765CD3C-DA4D-4BB2-B41E-A5416625EE41}.Release|Any CPU.ActiveCfg = Release|Any CPU
		{F765CD3C-DA4D-4BB2-B41E-A5416625EE41}.Release|Any CPU.Build.0 = Release|Any CPU
	EndGlobalSection
	GlobalSection(SolutionProperties) = preSolution
		HideSolutionNode = FALSE
	EndGlobalSection
	GlobalSection(ExtensibilityGlobals) = postSolution
		SolutionGuid = {D1D46EC0-9810-4603-9AF7-67B946368F6D}
	EndGlobalSection
EndGlobal
